
Microsoft Visual Studio Solution File, Format Version 12.00
# Visual Studio Version 17
VisualStudioVersion = 17.3.32811.315
MinimumVisualStudioVersion = 10.0.40219.1
Project("{9A19103F-16F7-4668-BE54-9A1E7A4F7556}") = "ImprovedFires", "ImprovedFires.csproj", "{82665FB5-7F35-4729-988C-6F1E0811509D}"
EndProject
Global
	GlobalSection(SolutionConfigurationPlatforms) = preSolution
		Debug|Any CPU = Debug|Any CPU
		Release|Any CPU = Release|Any CPU
	EndGlobalSection
	GlobalSection(ProjectConfigurationPlatforms) = postSolution
		{82665FB5-7F35-4729-988C-6F1E0811509D}.Debug|Any CPU.ActiveCfg = Debug|Any CPU
		{82665FB5-7F35-4729-988C-6F1E0811509D}.Debug|Any CPU.Build.0 = Debug|Any CPU
		{82665FB5-7F35-4729-988C-6F1E0811509D}.Release|Any CPU.ActiveCfg = Release|Any CPU
		{82665FB5-7F35-4729-988C-6F1E0811509D}.Release|Any CPU.Build.0 = Release|Any CPU
	EndGlobalSection
	GlobalSection(SolutionProperties) = preSolution
		HideSolutionNode = FALSE
	EndGlobalSection
	GlobalSection(ExtensibilityGlobals) = postSolution
		SolutionGuid = {B66ADA50-8AB0-463A-BA86-6C00DB6ED18E}
	EndGlobalSection
EndGlobal
